// !$*UTF8*$!
{
	archiveVersion = 1;
	classes = {
	};
	objectVersion = 56;
	objects = {

/* Begin PBXBuildFile section */
		8490C9502F45079B00A850CB /* RevenueCat in Frameworks */ = {isa = PBXBuildFile; productRef = E1000002 /* RevenueCat */; };
		8490C9512F45079B00A850CB /* RevenueCatUI in Frameworks */ = {isa = PBXBuildFile; productRef = E1000003 /* RevenueCatUI */; };
		B1000001 /* SPCToolsApp.swift in Sources */ = {isa = PBXBuildFile; fileRef = C1000001 /* SPCToolsApp.swift */; };
		B1000002 /* ContentView.swift in Sources */ = {isa = PBXBuildFile; fileRef = C1000002 /* ContentView.swift */; };
		B1000003 /* Assets.xcassets in Resources */ = {isa = PBXBuildFile; fileRef = C1000003 /* Assets.xcassets */; };
		B1000004 /* Preview Assets.xcassets in Resources */ = {isa = PBXBuildFile; fileRef = C1000004 /* Preview Assets.xcassets */; };
		B1000010 /* SPCToolsTests.swift in Sources */ = {isa = PBXBuildFile; fileRef = C1000010 /* SPCToolsTests.swift */; };
		B1000020 /* AppConstants.swift in Sources */ = {isa = PBXBuildFile; fileRef = C1000020 /* AppConstants.swift */; };
		B1000021 /* AppTheme.swift in Sources */ = {isa = PBXBuildFile; fileRef = C1000021 /* AppTheme.swift */; };
		B1000022 /* SubscriptionManager.swift in Sources */ = {isa = PBXBuildFile; fileRef = C1000022 /* SubscriptionManager.swift */; };
		B1000023 /* CalculationCategory.swift in Sources */ = {isa = PBXBuildFile; fileRef = C1000023 /* CalculationCategory.swift */; };
		B1000024 /* CalculationRecord.swift in Sources */ = {isa = PBXBuildFile; fileRef = C1000024 /* CalculationRecord.swift */; };
		B1000025 /* QualityUnit.swift in Sources */ = {isa = PBXBuildFile; fileRef = C1000025 /* QualityUnit.swift */; };
		B1000026 /* InputFieldView.swift in Sources */ = {isa = PBXBuildFile; fileRef = C1000026 /* InputFieldView.swift */; };
		B1000027 /* ResultCardView.swift in Sources */ = {isa = PBXBuildFile; fileRef = C1000027 /* ResultCardView.swift */; };
		B1000028 /* CalculateButton.swift in Sources */ = {isa = PBXBuildFile; fileRef = C1000028 /* CalculateButton.swift */; };
		B1000029 /* ProBadgeView.swift in Sources */ = {isa = PBXBuildFile; fileRef = C1000029 /* ProBadgeView.swift */; };
		B100002A /* DataInputView.swift in Sources */ = {isa = PBXBuildFile; fileRef = C100002A /* DataInputView.swift */; };
		B100002B /* Double+Formatting.swift in Sources */ = {isa = PBXBuildFile; fileRef = C100002B /* Double+Formatting.swift */; };
		B100002C /* View+HideKeyboard.swift in Sources */ = {isa = PBXBuildFile; fileRef = C100002C /* View+HideKeyboard.swift */; };
		B1000030 /* HomeViewModel.swift in Sources */ = {isa = PBXBuildFile; fileRef = C1000030 /* HomeViewModel.swift */; };
		B1000031 /* HistoryViewModel.swift in Sources */ = {isa = PBXBuildFile; fileRef = C1000031 /* HistoryViewModel.swift */; };
		B1000032 /* HomeView.swift in Sources */ = {isa = PBXBuildFile; fileRef = C1000032 /* HomeView.swift */; };
		B1000033 /* CategoryCardView.swift in Sources */ = {isa = PBXBuildFile; fileRef = C1000033 /* CategoryCardView.swift */; };
		B1000034 /* HistoryListView.swift in Sources */ = {isa = PBXBuildFile; fileRef = C1000034 /* HistoryListView.swift */; };
		B1000035 /* HistoryRowView.swift in Sources */ = {isa = PBXBuildFile; fileRef = C1000035 /* HistoryRowView.swift */; };
		B1000036 /* SettingsView.swift in Sources */ = {isa = PBXBuildFile; fileRef = C1000036 /* SettingsView.swift */; };
		B1000037 /* SearchBarView.swift in Sources */ = {isa = PBXBuildFile; fileRef = C1000037 /* SearchBarView.swift */; };
		B1000042 /* SigmaLevelEngine.swift in Sources */ = {isa = PBXBuildFile; fileRef = C1000042 /* SigmaLevelEngine.swift */; };
		B1000043 /* SampleSizeEngine.swift in Sources */ = {isa = PBXBuildFile; fileRef = C1000043 /* SampleSizeEngine.swift */; };
		B1000044 /* CpCpkViewModel.swift in Sources */ = {isa = PBXBuildFile; fileRef = C1000044 /* CpCpkViewModel.swift */; };
		B1000045 /* OEEViewModel.swift in Sources */ = {isa = PBXBuildFile; fileRef = C1000045 /* OEEViewModel.swift */; };
		B1000046 /* SigmaLevelViewModel.swift in Sources */ = {isa = PBXBuildFile; fileRef = C1000046 /* SigmaLevelViewModel.swift */; };
		B1000047 /* SampleSizeViewModel.swift in Sources */ = {isa = PBXBuildFile; fileRef = C1000047 /* SampleSizeViewModel.swift */; };
		B1000048 /* CpCpkView.swift in Sources */ = {isa = PBXBuildFile; fileRef = C1000048 /* CpCpkView.swift */; };
		B1000049 /* OEEView.swift in Sources */ = {isa = PBXBuildFile; fileRef = C1000049 /* OEEView.swift */; };
		B100004A /* SigmaLevelView.swift in Sources */ = {isa = PBXBuildFile; fileRef = C100004A /* SigmaLevelView.swift */; };
		B100004B /* SampleSizeView.swift in Sources */ = {isa = PBXBuildFile; fileRef = C100004B /* SampleSizeView.swift */; };
		B100004C /* FormulaReferenceView.swift in Sources */ = {isa = PBXBuildFile; fileRef = C100004C /* FormulaReferenceView.swift */; };
		B1000050 /* CpCpkEngineTests.swift in Sources */ = {isa = PBXBuildFile; fileRef = C1000050 /* CpCpkEngineTests.swift */; };
		B1000051 /* OEEEngineTests.swift in Sources */ = {isa = PBXBuildFile; fileRef = C1000051 /* OEEEngineTests.swift */; };
		B1000052 /* SigmaLevelEngineTests.swift in Sources */ = {isa = PBXBuildFile; fileRef = C1000052 /* SigmaLevelEngineTests.swift */; };
		B1000053 /* SampleSizeEngineTests.swift in Sources */ = {isa = PBXBuildFile; fileRef = C1000053 /* SampleSizeEngineTests.swift */; };
		B1000060 /* CpCpkEngine.swift in Sources */ = {isa = PBXBuildFile; fileRef = C1000060 /* CpCpkEngine.swift */; };
		B1000061 /* OEEEngine.swift in Sources */ = {isa = PBXBuildFile; fileRef = C1000061 /* OEEEngine.swift */; };
		B1000070 /* Localizable.xcstrings in Resources */ = {isa = PBXBuildFile; fileRef = C1000070 /* Localizable.xcstrings */; };
		B1000080 /* PpPpkEngine.swift in Sources */ = {isa = PBXBuildFile; fileRef = C1000080 /* PpPpkEngine.swift */; };
		B1000081 /* ControlChartEngine.swift in Sources */ = {isa = PBXBuildFile; fileRef = C1000081 /* ControlChartEngine.swift */; };
		B1000082 /* GageRREngine.swift in Sources */ = {isa = PBXBuildFile; fileRef = C1000082 /* GageRREngine.swift */; };
		B1000083 /* AQLEngine.swift in Sources */ = {isa = PBXBuildFile; fileRef = C1000083 /* AQLEngine.swift */; };
		B1000084 /* ParetoEngine.swift in Sources */ = {isa = PBXBuildFile; fileRef = C1000084 /* ParetoEngine.swift */; };
		B1000085 /* HistogramEngine.swift in Sources */ = {isa = PBXBuildFile; fileRef = C1000085 /* HistogramEngine.swift */; };
		B1000086 /* PpPpkViewModel.swift in Sources */ = {isa = PBXBuildFile; fileRef = C1000086 /* PpPpkViewModel.swift */; };
		B1000087 /* ControlChartViewModel.swift in Sources */ = {isa = PBXBuildFile; fileRef = C1000087 /* ControlChartViewModel.swift */; };
		B1000088 /* GageRRViewModel.swift in Sources */ = {isa = PBXBuildFile; fileRef = C1000088 /* GageRRViewModel.swift */; };
		B1000089 /* AQLViewModel.swift in Sources */ = {isa = PBXBuildFile; fileRef = C1000089 /* AQLViewModel.swift */; };
		B100008A /* ParetoViewModel.swift in Sources */ = {isa = PBXBuildFile; fileRef = C100008A /* ParetoViewModel.swift */; };
		B100008B /* HistogramViewModel.swift in Sources */ = {isa = PBXBuildFile; fileRef = C100008B /* HistogramViewModel.swift */; };
		B100008C /* PpPpkView.swift in Sources */ = {isa = PBXBuildFile; fileRef = C100008C /* PpPpkView.swift */; };
		B100008D /* ControlChartView.swift in Sources */ = {isa = PBXBuildFile; fileRef = C100008D /* ControlChartView.swift */; };
		B100008E /* GageRRView.swift in Sources */ = {isa = PBXBuildFile; fileRef = C100008E /* GageRRView.swift */; };
		B100008F /* AQLTableView.swift in Sources */ = {isa = PBXBuildFile; fileRef = C100008F /* AQLTableView.swift */; };
		B1000090 /* ParetoView.swift in Sources */ = {isa = PBXBuildFile; fileRef = C1000090 /* ParetoView.swift */; };
		B1000091 /* HistogramView.swift in Sources */ = {isa = PBXBuildFile; fileRef = C1000091 /* HistogramView.swift */; };
		B1000092 /* PpPpkEngineTests.swift in Sources */ = {isa = PBXBuildFile; fileRef = C1000092 /* PpPpkEngineTests.swift */; };
		B1000093 /* ControlChartEngineTests.swift in Sources */ = {isa = PBXBuildFile; fileRef = C1000093 /* ControlChartEngineTests.swift */; };
		B1000094 /* GageRREngineTests.swift in Sources */ = {isa = PBXBuildFile; fileRef = C1000094 /* GageRREngineTests.swift */; };
		B1000095 /* AQLEngineTests.swift in Sources */ = {isa = PBXBuildFile; fileRef = C1000095 /* AQLEngineTests.swift */; };
		B1000096 /* ParetoEngineTests.swift in Sources */ = {isa = PBXBuildFile; fileRef = C1000096 /* ParetoEngineTests.swift */; };
		B1000097 /* HistogramEngineTests.swift in Sources */ = {isa = PBXBuildFile; fileRef = C1000097 /* HistogramEngineTests.swift */; };
		B10000A0 /* FMEAEngine.swift in Sources */ = {isa = PBXBuildFile; fileRef = C10000A0 /* FMEAEngine.swift */; };
		B10000A1 /* IshikawaEngine.swift in Sources */ = {isa = PBXBuildFile; fileRef = C10000A1 /* IshikawaEngine.swift */; };
		B10000A2 /* AlphaBetaEngine.swift in Sources */ = {isa = PBXBuildFile; fileRef = C10000A2 /* AlphaBetaEngine.swift */; };
		B10000A3 /* HypothesisTestEngine.swift in Sources */ = {isa = PBXBuildFile; fileRef = C10000A3 /* HypothesisTestEngine.swift */; };
		B10000A4 /* FMEAViewModel.swift in Sources */ = {isa = PBXBuildFile; fileRef = C10000A4 /* FMEAViewModel.swift */; };
		B10000A5 /* IshikawaViewModel.swift in Sources */ = {isa = PBXBuildFile; fileRef = C10000A5 /* IshikawaViewModel.swift */; };
		B10000A6 /* AlphaBetaViewModel.swift in Sources */ = {isa = PBXBuildFile; fileRef = C10000A6 /* AlphaBetaViewModel.swift */; };
		B10000A7 /* HypothesisTestViewModel.swift in Sources */ = {isa = PBXBuildFile; fileRef = C10000A7 /* HypothesisTestViewModel.swift */; };
		B10000A8 /* FMEAView.swift in Sources */ = {isa = PBXBuildFile; fileRef = C10000A8 /* FMEAView.swift */; };
		B10000A9 /* IshikawaView.swift in Sources */ = {isa = PBXBuildFile; fileRef = C10000A9 /* IshikawaView.swift */; };
		B10000AA /* AlphaBetaView.swift in Sources */ = {isa = PBXBuildFile; fileRef = C10000AA /* AlphaBetaView.swift */; };
		B10000AB /* HypothesisTestView.swift in Sources */ = {isa = PBXBuildFile; fileRef = C10000AB /* HypothesisTestView.swift */; };
		B10000AC /* FMEAEngineTests.swift in Sources */ = {isa = PBXBuildFile; fileRef = C10000AC /* FMEAEngineTests.swift */; };
		B10000AD /* IshikawaEngineTests.swift in Sources */ = {isa = PBXBuildFile; fileRef = C10000AD /* IshikawaEngineTests.swift */; };
		B10000AE /* AlphaBetaEngineTests.swift in Sources */ = {isa = PBXBuildFile; fileRef = C10000AE /* AlphaBetaEngineTests.swift */; };
		B10000AF /* HypothesisTestEngineTests.swift in Sources */ = {isa = PBXBuildFile; fileRef = C10000AF /* HypothesisTestEngineTests.swift */; };
		B10000B0 /* PaywallWrapperView.swift in Sources */ = {isa = PBXBuildFile; fileRef = C10000B0 /* PaywallWrapperView.swift */; };
		B10000B1 /* OnboardingView.swift in Sources */ = {isa = PBXBuildFile; fileRef = C10000B1 /* OnboardingView.swift */; };
/* End PBXBuildFile section */

/* Begin PBXContainerItemProxy section */
		C1000040 /* PBXContainerItemProxy */ = {
			isa = PBXContainerItemProxy;
			containerPortal = D1000080 /* Project object */;
			proxyType = 1;
			remoteGlobalIDString = D1000050;
			remoteInfo = SPCTools;
		};
/* End PBXContainerItemProxy section */

/* Begin PBXFileReference section */
		C1000001 /* SPCToolsApp.swift */ = {isa = PBXFileReference; lastKnownFileType = sourcecode.swift; path = SPCToolsApp.swift; sourceTree = "<group>"; };
		C1000002 /* ContentView.swift */ = {isa = PBXFileReference; lastKnownFileType = sourcecode.swift; path = ContentView.swift; sourceTree = "<group>"; };
		C1000003 /* Assets.xcassets */ = {isa = PBXFileReference; lastKnownFileType = folder.assetcatalog; path = Assets.xcassets; sourceTree = "<group>"; };
		C1000004 /* Preview Assets.xcassets */ = {isa = PBXFileReference; lastKnownFileType = folder.assetcatalog; path = "Preview Assets.xcassets"; sourceTree = "<group>"; };
		C1000005 /* SPCTools.app */ = {isa = PBXFileReference; explicitFileType = wrapper.application; includeInIndex = 0; path = SPCTools.app; sourceTree = BUILT_PRODUCTS_DIR; };
		C1000010 /* SPCToolsTests.swift */ = {isa = PBXFileReference; lastKnownFileType = sourcecode.swift; path = SPCToolsTests.swift; sourceTree = "<group>"; };
		C1000011 /* SPCToolsTests.xctest */ = {isa = PBXFileReference; explicitFileType = wrapper.cfbundle; includeInIndex = 0; path = SPCToolsTests.xctest; sourceTree = BUILT_PRODUCTS_DIR; };
		C1000020 /* AppConstants.swift */ = {isa = PBXFileReference; lastKnownFileType = sourcecode.swift; path = AppConstants.swift; sourceTree = "<group>"; };
		C1000021 /* AppTheme.swift */ = {isa = PBXFileReference; lastKnownFileType = sourcecode.swift; path = AppTheme.swift; sourceTree = "<group>"; };
		C1000022 /* SubscriptionManager.swift */ = {isa = PBXFileReference; lastKnownFileType = sourcecode.swift; path = SubscriptionManager.swift; sourceTree = "<group>"; };
		C1000023 /* CalculationCategory.swift */ = {isa = PBXFileReference; lastKnownFileType = sourcecode.swift; path = CalculationCategory.swift; sourceTree = "<group>"; };
		C1000024 /* CalculationRecord.swift */ = {isa = PBXFileReference; lastKnownFileType = sourcecode.swift; path = CalculationRecord.swift; sourceTree = "<group>"; };
		C1000025 /* QualityUnit.swift */ = {isa = PBXFileReference; lastKnownFileType = sourcecode.swift; path = QualityUnit.swift; sourceTree = "<group>"; };
		C1000026 /* InputFieldView.swift */ = {isa = PBXFileReference; lastKnownFileType = sourcecode.swift; path = InputFieldView.swift; sourceTree = "<group>"; };
		C1000027 /* ResultCardView.swift */ = {isa = PBXFileReference; lastKnownFileType = sourcecode.swift; path = ResultCardView.swift; sourceTree = "<group>"; };
		C1000028 /* CalculateButton.swift */ = {isa = PBXFileReference; lastKnownFileType = sourcecode.swift; path = CalculateButton.swift; sourceTree = "<group>"; };
		C1000029 /* ProBadgeView.swift */ = {isa = PBXFileReference; lastKnownFileType = sourcecode.swift; path = ProBadgeView.swift; sourceTree = "<group>"; };
		C100002A /* DataInputView.swift */ = {isa = PBXFileReference; lastKnownFileType = sourcecode.swift; path = DataInputView.swift; sourceTree = "<group>"; };
		C100002B /* Double+Formatting.swift */ = {isa = PBXFileReference; lastKnownFileType = sourcecode.swift; path = "Double+Formatting.swift"; sourceTree = "<group>"; };
		C100002C /* View+HideKeyboard.swift */ = {isa = PBXFileReference; lastKnownFileType = sourcecode.swift; path = "View+HideKeyboard.swift"; sourceTree = "<group>"; };
		C1000030 /* HomeViewModel.swift */ = {isa = PBXFileReference; lastKnownFileType = sourcecode.swift; path = HomeViewModel.swift; sourceTree = "<group>"; };
		C1000031 /* HistoryViewModel.swift */ = {isa = PBXFileReference; lastKnownFileType = sourcecode.swift; path = HistoryViewModel.swift; sourceTree = "<group>"; };
		C1000032 /* HomeView.swift */ = {isa = PBXFileReference; lastKnownFileType = sourcecode.swift; path = HomeView.swift; sourceTree = "<group>"; };
		C1000033 /* CategoryCardView.swift */ = {isa = PBXFileReference; lastKnownFileType = sourcecode.swift; path = CategoryCardView.swift; sourceTree = "<group>"; };
		C1000034 /* HistoryListView.swift */ = {isa = PBXFileReference; lastKnownFileType = sourcecode.swift; path = HistoryListView.swift; sourceTree = "<group>"; };
		C1000035 /* HistoryRowView.swift */ = {isa = PBXFileReference; lastKnownFileType = sourcecode.swift; path = HistoryRowView.swift; sourceTree = "<group>"; };
		C1000036 /* SettingsView.swift */ = {isa = PBXFileReference; lastKnownFileType = sourcecode.swift; path = SettingsView.swift; sourceTree = "<group>"; };
		C1000037 /* SearchBarView.swift */ = {isa = PBXFileReference; lastKnownFileType = sourcecode.swift; path = SearchBarView.swift; sourceTree = "<group>"; };
		C1000042 /* SigmaLevelEngine.swift */ = {isa = PBXFileReference; lastKnownFileType = sourcecode.swift; path = SigmaLevelEngine.swift; sourceTree = "<group>"; };
		C1000043 /* SampleSizeEngine.swift */ = {isa = PBXFileReference; lastKnownFileType = sourcecode.swift; path = SampleSizeEngine.swift; sourceTree = "<group>"; };
		C1000044 /* CpCpkViewModel.swift */ = {isa = PBXFileReference; lastKnownFileType = sourcecode.swift; path = CpCpkViewModel.swift; sourceTree = "<group>"; };
		C1000045 /* OEEViewModel.swift */ = {isa = PBXFileReference; lastKnownFileType = sourcecode.swift; path = OEEViewModel.swift; sourceTree = "<group>"; };
		C1000046 /* SigmaLevelViewModel.swift */ = {isa = PBXFileReference; lastKnownFileType = sourcecode.swift; path = SigmaLevelViewModel.swift; sourceTree = "<group>"; };
		C1000047 /* SampleSizeViewModel.swift */ = {isa = PBXFileReference; lastKnownFileType = sourcecode.swift; path = SampleSizeViewModel.swift; sourceTree = "<group>"; };
		C1000048 /* CpCpkView.swift */ = {isa = PBXFileReference; lastKnownFileType = sourcecode.swift; path = CpCpkView.swift; sourceTree = "<group>"; };
		C1000049 /* OEEView.swift */ = {isa = PBXFileReference; lastKnownFileType = sourcecode.swift; path = OEEView.swift; sourceTree = "<group>"; };
		C100004A /* SigmaLevelView.swift */ = {isa = PBXFileReference; lastKnownFileType = sourcecode.swift; path = SigmaLevelView.swift; sourceTree = "<group>"; };
		C100004B /* SampleSizeView.swift */ = {isa = PBXFileReference; lastKnownFileType = sourcecode.swift; path = SampleSizeView.swift; sourceTree = "<group>"; };
		C100004C /* FormulaReferenceView.swift */ = {isa = PBXFileReference; lastKnownFileType = sourcecode.swift; path = FormulaReferenceView.swift; sourceTree = "<group>"; };
		C1000050 /* CpCpkEngineTests.swift */ = {isa = PBXFileReference; lastKnownFileType = sourcecode.swift; path = CpCpkEngineTests.swift; sourceTree = "<group>"; };
		C1000051 /* OEEEngineTests.swift */ = {isa = PBXFileReference; lastKnownFileType = sourcecode.swift; path = OEEEngineTests.swift; sourceTree = "<group>"; };
		C1000052 /* SigmaLevelEngineTests.swift */ = {isa = PBXFileReference; lastKnownFileType = sourcecode.swift; path = SigmaLevelEngineTests.swift; sourceTree = "<group>"; };
		C1000053 /* SampleSizeEngineTests.swift */ = {isa = PBXFileReference; lastKnownFileType = sourcecode.swift; path = SampleSizeEngineTests.swift; sourceTree = "<group>"; };
		C1000060 /* CpCpkEngine.swift */ = {isa = PBXFileReference; lastKnownFileType = sourcecode.swift; path = CpCpkEngine.swift; sourceTree = "<group>"; };
		C1000061 /* OEEEngine.swift */ = {isa = PBXFileReference; lastKnownFileType = sourcecode.swift; path = OEEEngine.swift; sourceTree = "<group>"; };
		C1000070 /* Localizable.xcstrings */ = {isa = PBXFileReference; lastKnownFileType = text.json.xcstrings; path = Localizable.xcstrings; sourceTree = "<group>"; };
		C1000080 /* PpPpkEngine.swift */ = {isa = PBXFileReference; lastKnownFileType = sourcecode.swift; path = PpPpkEngine.swift; sourceTree = "<group>"; };
		C1000081 /* ControlChartEngine.swift */ = {isa = PBXFileReference; lastKnownFileType = sourcecode.swift; path = ControlChartEngine.swift; sourceTree = "<group>"; };
		C1000082 /* GageRREngine.swift */ = {isa = PBXFileReference; lastKnownFileType = sourcecode.swift; path = GageRREngine.swift; sourceTree = "<group>"; };
		C1000083 /* AQLEngine.swift */ = {isa = PBXFileReference; lastKnownFileType = sourcecode.swift; path = AQLEngine.swift; sourceTree = "<group>"; };
		C1000084 /* ParetoEngine.swift */ = {isa = PBXFileReference; lastKnownFileType = sourcecode.swift; path = ParetoEngine.swift; sourceTree = "<group>"; };
		C1000085 /* HistogramEngine.swift */ = {isa = PBXFileReference; lastKnownFileType = sourcecode.swift; path = HistogramEngine.swift; sourceTree = "<group>"; };
		C1000086 /* PpPpkViewModel.swift */ = {isa = PBXFileReference; lastKnownFileType = sourcecode.swift; path = PpPpkViewModel.swift; sourceTree = "<group>"; };
		C1000087 /* ControlChartViewModel.swift */ = {isa = PBXFileReference; lastKnownFileType = sourcecode.swift; path = ControlChartViewModel.swift; sourceTree = "<group>"; };
		C1000088 /* GageRRViewModel.swift */ = {isa = PBXFileReference; lastKnownFileType = sourcecode.swift; path = GageRRViewModel.swift; sourceTree = "<group>"; };
		C1000089 /* AQLViewModel.swift */ = {isa = PBXFileReference; lastKnownFileType = sourcecode.swift; path = AQLViewModel.swift; sourceTree = "<group>"; };
		C100008A /* ParetoViewModel.swift */ = {isa = PBXFileReference; lastKnownFileType = sourcecode.swift; path = ParetoViewModel.swift; sourceTree = "<group>"; };
		C100008B /* HistogramViewModel.swift */ = {isa = PBXFileReference; lastKnownFileType = sourcecode.swift; path = HistogramViewModel.swift; sourceTree = "<group>"; };
		C100008C /* PpPpkView.swift */ = {isa = PBXFileReference; lastKnownFileType = sourcecode.swift; path = PpPpkView.swift; sourceTree = "<group>"; };
		C100008D /* ControlChartView.swift */ = {isa = PBXFileReference; lastKnownFileType = sourcecode.swift; path = ControlChartView.swift; sourceTree = "<group>"; };
		C100008E /* GageRRView.swift */ = {isa = PBXFileReference; lastKnownFileType = sourcecode.swift; path = GageRRView.swift; sourceTree = "<group>"; };
		C100008F /* AQLTableView.swift */ = {isa = PBXFileReference; lastKnownFileType = sourcecode.swift; path = AQLTableView.swift; sourceTree = "<group>"; };
		C1000090 /* ParetoView.swift */ = {isa = PBXFileReference; lastKnownFileType = sourcecode.swift; path = ParetoView.swift; sourceTree = "<group>"; };
		C1000091 /* HistogramView.swift */ = {isa = PBXFileReference; lastKnownFileType = sourcecode.swift; path = HistogramView.swift; sourceTree = "<group>"; };
		C1000092 /* PpPpkEngineTests.swift */ = {isa = PBXFileReference; lastKnownFileType = sourcecode.swift; path = PpPpkEngineTests.swift; sourceTree = "<group>"; };
		C1000093 /* ControlChartEngineTests.swift */ = {isa = PBXFileReference; lastKnownFileType = sourcecode.swift; path = ControlChartEngineTests.swift; sourceTree = "<group>"; };
		C1000094 /* GageRREngineTests.swift */ = {isa = PBXFileReference; lastKnownFileType = sourcecode.swift; path = GageRREngineTests.swift; sourceTree = "<group>"; };
		C1000095 /* AQLEngineTests.swift */ = {isa = PBXFileReference; lastKnownFileType = sourcecode.swift; path = AQLEngineTests.swift; sourceTree = "<group>"; };
		C1000096 /* ParetoEngineTests.swift */ = {isa = PBXFileReference; lastKnownFileType = sourcecode.swift; path = ParetoEngineTests.swift; sourceTree = "<group>"; };
		C1000097 /* HistogramEngineTests.swift */ = {isa = PBXFileReference; lastKnownFileType = sourcecode.swift; path = HistogramEngineTests.swift; sourceTree = "<group>"; };
		C10000A0 /* FMEAEngine.swift */ = {isa = PBXFileReference; lastKnownFileType = sourcecode.swift; path = FMEAEngine.swift; sourceTree = "<group>"; };
		C10000A1 /* IshikawaEngine.swift */ = {isa = PBXFileReference; lastKnownFileType = sourcecode.swift; path = IshikawaEngine.swift; sourceTree = "<group>"; };
		C10000A2 /* AlphaBetaEngine.swift */ = {isa = PBXFileReference; lastKnownFileType = sourcecode.swift; path = AlphaBetaEngine.swift; sourceTree = "<group>"; };
		C10000A3 /* HypothesisTestEngine.swift */ = {isa = PBXFileReference; lastKnownFileType = sourcecode.swift; path = HypothesisTestEngine.swift; sourceTree = "<group>"; };
		C10000A4 /* FMEAViewModel.swift */ = {isa = PBXFileReference; lastKnownFileType = sourcecode.swift; path = FMEAViewModel.swift; sourceTree = "<group>"; };
		C10000A5 /* IshikawaViewModel.swift */ = {isa = PBXFileReference; lastKnownFileType = sourcecode.swift; path = IshikawaViewModel.swift; sourceTree = "<group>"; };
		C10000A6 /* AlphaBetaViewModel.swift */ = {isa = PBXFileReference; lastKnownFileType = sourcecode.swift; path = AlphaBetaViewModel.swift; sourceTree = "<group>"; };
		C10000A7 /* HypothesisTestViewModel.swift */ = {isa = PBXFileReference; lastKnownFileType = sourcecode.swift; path = HypothesisTestViewModel.swift; sourceTree = "<group>"; };
		C10000A8 /* FMEAView.swift */ = {isa = PBXFileReference; lastKnownFileType = sourcecode.swift; path = FMEAView.swift; sourceTree = "<group>"; };
		C10000A9 /* IshikawaView.swift */ = {isa = PBXFileReference; lastKnownFileType = sourcecode.swift; path = IshikawaView.swift; sourceTree = "<group>"; };
		C10000AA /* AlphaBetaView.swift */ = {isa = PBXFileReference; lastKnownFileType = sourcecode.swift; path = AlphaBetaView.swift; sourceTree = "<group>"; };
		C10000AB /* HypothesisTestView.swift */ = {isa = PBXFileReference; lastKnownFileType = sourcecode.swift; path = HypothesisTestView.swift; sourceTree = "<group>"; };
		C10000AC /* FMEAEngineTests.swift */ = {isa = PBXFileReference; lastKnownFileType = sourcecode.swift; path = FMEAEngineTests.swift; sourceTree = "<group>"; };
		C10000AD /* IshikawaEngineTests.swift */ = {isa = PBXFileReference; lastKnownFileType = sourcecode.swift; path = IshikawaEngineTests.swift; sourceTree = "<group>"; };
		C10000AE /* AlphaBetaEngineTests.swift */ = {isa = PBXFileReference; lastKnownFileType = sourcecode.swift; path = AlphaBetaEngineTests.swift; sourceTree = "<group>"; };
		C10000AF /* HypothesisTestEngineTests.swift */ = {isa = PBXFileReference; lastKnownFileType = sourcecode.swift; path = HypothesisTestEngineTests.swift; sourceTree = "<group>"; };
		C10000B0 /* PaywallWrapperView.swift */ = {isa = PBXFileReference; lastKnownFileType = sourcecode.swift; path = PaywallWrapperView.swift; sourceTree = "<group>"; };
		C10000B1 /* OnboardingView.swift */ = {isa = PBXFileReference; lastKnownFileType = sourcecode.swift; path = OnboardingView.swift; sourceTree = "<group>"; };
/* End PBXFileReference section */

/* Begin PBXFrameworksBuildPhase section */
		D1000030 /* Frameworks */ = {
			isa = PBXFrameworksBuildPhase;
			buildActionMask = 2147483647;
			files = (
				8490C9512F45079B00A850CB /* RevenueCatUI in Frameworks */,
				8490C9502F45079B00A850CB /* RevenueCat in Frameworks */,
			);
			runOnlyForDeploymentPostprocessing = 0;
		};
		D1000031 /* Frameworks */ = {
			isa = PBXFrameworksBuildPhase;
			buildActionMask = 2147483647;
			files = (
			);
			runOnlyForDeploymentPostprocessing = 0;
		};
/* End PBXFrameworksBuildPhase section */

/* Begin PBXGroup section */
		D1000001 = {
			isa = PBXGroup;
			children = (
				D1000002 /* SPCTools */,
				D1000020 /* SPCToolsTests */,
				D1000003 /* Products */,
			);
			sourceTree = "<group>";
		};
		D1000002 /* SPCTools */ = {
			isa = PBXGroup;
			children = (
				D1000004 /* App */,
				D1000005 /* Models */,
				D1000006 /* Engines */,
				D1000007 /* ViewModels */,
				D1000008 /* Views */,
				D1000009 /* Components */,
				D100000A /* Extensions */,
				D100000B /* Resources */,
				C1000003 /* Assets.xcassets */,
				D100000C /* Preview Content */,
			);
			path = SPCTools;
			sourceTree = "<group>";
		};
		D1000003 /* Products */ = {
			isa = PBXGroup;
			children = (
				C1000005 /* SPCTools.app */,
				C1000011 /* SPCToolsTests.xctest */,
			);
			name = Products;
			sourceTree = "<group>";
		};
		D1000004 /* App */ = {
			isa = PBXGroup;
			children = (
				C1000001 /* SPCToolsApp.swift */,
				C1000020 /* AppConstants.swift */,
				C1000021 /* AppTheme.swift */,
				C1000022 /* SubscriptionManager.swift */,
			);
			path = App;
			sourceTree = "<group>";
		};
		D1000005 /* Models */ = {
			isa = PBXGroup;
			children = (
				C1000023 /* CalculationCategory.swift */,
				C1000024 /* CalculationRecord.swift */,
				C1000025 /* QualityUnit.swift */,
			);
			path = Models;
			sourceTree = "<group>";
		};
		D1000006 /* Engines */ = {
			isa = PBXGroup;
			children = (
				C1000060 /* CpCpkEngine.swift */,
				C1000061 /* OEEEngine.swift */,
				C1000042 /* SigmaLevelEngine.swift */,
				C1000043 /* SampleSizeEngine.swift */,
				C1000080 /* PpPpkEngine.swift */,
				C1000081 /* ControlChartEngine.swift */,
				C1000082 /* GageRREngine.swift */,
				C1000083 /* AQLEngine.swift */,
				C1000084 /* ParetoEngine.swift */,
				C1000085 /* HistogramEngine.swift */,
				C10000A0 /* FMEAEngine.swift */,
				C10000A1 /* IshikawaEngine.swift */,
				C10000A2 /* AlphaBetaEngine.swift */,
				C10000A3 /* HypothesisTestEngine.swift */,
			);
			path = Engines;
			sourceTree = "<group>";
		};
		D1000007 /* ViewModels */ = {
			isa = PBXGroup;
			children = (
				C1000030 /* HomeViewModel.swift */,
				C1000031 /* HistoryViewModel.swift */,
				C1000044 /* CpCpkViewModel.swift */,
				C1000045 /* OEEViewModel.swift */,
				C1000046 /* SigmaLevelViewModel.swift */,
				C1000047 /* SampleSizeViewModel.swift */,
				C1000086 /* PpPpkViewModel.swift */,
				C1000087 /* ControlChartViewModel.swift */,
				C1000088 /* GageRRViewModel.swift */,
				C1000089 /* AQLViewModel.swift */,
				C100008A /* ParetoViewModel.swift */,
				C100008B /* HistogramViewModel.swift */,
				C10000A4 /* FMEAViewModel.swift */,
				C10000A5 /* IshikawaViewModel.swift */,
				C10000A6 /* AlphaBetaViewModel.swift */,
				C10000A7 /* HypothesisTestViewModel.swift */,
			);
			path = ViewModels;
			sourceTree = "<group>";
		};
		D1000008 /* Views */ = {
			isa = PBXGroup;
			children = (
				C1000002 /* ContentView.swift */,
				D100000D /* Home */,
				D100000E /* History */,
				D100000F /* Settings */,
				D1000010 /* CpCpk */,
				D1000011 /* OEE */,
				D1000012 /* SigmaLevel */,
				D1000013 /* SampleSize */,
				D1000014 /* FormulaReference */,
				D1000015 /* PpPpk */,
				D1000016 /* ControlChart */,
				D1000017 /* GageRR */,
				D1000018 /* AQLTable */,
				D1000019 /* Pareto */,
				D100001A /* Histogram */,
				D100001B /* FMEA */,
				D100001C /* Ishikawa */,
				D100001D /* AlphaBeta */,
				D100001E /* HypothesisTest */,
				D100001F /* Subscription */,
				D1000021 /* Onboarding */,
			);
			path = Views;
			sourceTree = "<group>";
		};
		D1000009 /* Components */ = {
			isa = PBXGroup;
			children = (
				C1000026 /* InputFieldView.swift */,
				C1000027 /* ResultCardView.swift */,
				C1000028 /* CalculateButton.swift */,
				C1000029 /* ProBadgeView.swift */,
				C100002A /* DataInputView.swift */,
				C1000037 /* SearchBarView.swift */,
			);
			path = Components;
			sourceTree = "<group>";
		};
		D100000A /* Extensions */ = {
			isa = PBXGroup;
			children = (
				C100002B /* Double+Formatting.swift */,
				C100002C /* View+HideKeyboard.swift */,
			);
			path = Extensions;
			sourceTree = "<group>";
		};
		D100000B /* Resources */ = {
			isa = PBXGroup;
			children = (
				C1000070 /* Localizable.xcstrings */,
			);
			path = Resources;
			sourceTree = "<group>";
		};
		D100000C /* Preview Content */ = {
			isa = PBXGroup;
			children = (
				C1000004 /* Preview Assets.xcassets */,
			);
			path = "Preview Content";
			sourceTree = "<group>";
		};
		D100000D /* Home */ = {
			isa = PBXGroup;
			children = (
				C1000032 /* HomeView.swift */,
				C1000033 /* CategoryCardView.swift */,
			);
			path = Home;
			sourceTree = "<group>";
		};
		D100000E /* History */ = {
			isa = PBXGroup;
			children = (
				C1000034 /* HistoryListView.swift */,
				C1000035 /* HistoryRowView.swift */,
			);
			path = History;
			sourceTree = "<group>";
		};
		D100000F /* Settings */ = {
			isa = PBXGroup;
			children = (
				C1000036 /* SettingsView.swift */,
			);
			path = Settings;
			sourceTree = "<group>";
		};
		D1000010 /* CpCpk */ = {
			isa = PBXGroup;
			children = (
				C1000048 /* CpCpkView.swift */,
			);
			path = CpCpk;
			sourceTree = "<group>";
		};
		D1000011 /* OEE */ = {
			isa = PBXGroup;
			children = (
				C1000049 /* OEEView.swift */,
			);
			path = OEE;
			sourceTree = "<group>";
		};
		D1000012 /* SigmaLevel */ = {
			isa = PBXGroup;
			children = (
				C100004A /* SigmaLevelView.swift */,
			);
			path = SigmaLevel;
			sourceTree = "<group>";
		};
		D1000013 /* SampleSize */ = {
			isa = PBXGroup;
			children = (
				C100004B /* SampleSizeView.swift */,
			);
			path = SampleSize;
			sourceTree = "<group>";
		};
		D1000014 /* FormulaReference */ = {
			isa = PBXGroup;
			children = (
				C100004C /* FormulaReferenceView.swift */,
			);
			path = FormulaReference;
			sourceTree = "<group>";
		};
		D1000015 /* PpPpk */ = {
			isa = PBXGroup;
			children = (
				C100008C /* PpPpkView.swift */,
			);
			path = PpPpk;
			sourceTree = "<group>";
		};
		D1000016 /* ControlChart */ = {
			isa = PBXGroup;
			children = (
				C100008D /* ControlChartView.swift */,
			);
			path = ControlChart;
			sourceTree = "<group>";
		};
		D1000017 /* GageRR */ = {
			isa = PBXGroup;
			children = (
				C100008E /* GageRRView.swift */,
			);
			path = GageRR;
			sourceTree = "<group>";
		};
		D1000018 /* AQLTable */ = {
			isa = PBXGroup;
			children = (
				C100008F /* AQLTableView.swift */,
			);
			path = AQLTable;
			sourceTree = "<group>";
		};
		D1000019 /* Pareto */ = {
			isa = PBXGroup;
			children = (
				C1000090 /* ParetoView.swift */,
			);
			path = Pareto;
			sourceTree = "<group>";
		};
		D100001A /* Histogram */ = {
			isa = PBXGroup;
			children = (
				C1000091 /* HistogramView.swift */,
			);
			path = Histogram;
			sourceTree = "<group>";
		};
		D100001B /* FMEA */ = {
			isa = PBXGroup;
			children = (
				C10000A8 /* FMEAView.swift */,
			);
			path = FMEA;
			sourceTree = "<group>";
		};
		D100001C /* Ishikawa */ = {
			isa = PBXGroup;
			children = (
				C10000A9 /* IshikawaView.swift */,
			);
			path = Ishikawa;
			sourceTree = "<group>";
		};
		D100001D /* AlphaBeta */ = {
			isa = PBXGroup;
			children = (
				C10000AA /* AlphaBetaView.swift */,
			);
			path = AlphaBeta;
			sourceTree = "<group>";
		};
		D100001E /* HypothesisTest */ = {
			isa = PBXGroup;
			children = (
				C10000AB /* HypothesisTestView.swift */,
			);
			path = HypothesisTest;
			sourceTree = "<group>";
		};
		D100001F /* Subscription */ = {
			isa = PBXGroup;
			children = (
				C10000B0 /* PaywallWrapperView.swift */,
			);
			path = Subscription;
			sourceTree = "<group>";
		};
		D1000020 /* SPCToolsTests */ = {
			isa = PBXGroup;
			children = (
				C1000010 /* SPCToolsTests.swift */,
				C1000050 /* CpCpkEngineTests.swift */,
				C1000051 /* OEEEngineTests.swift */,
				C1000052 /* SigmaLevelEngineTests.swift */,
				C1000053 /* SampleSizeEngineTests.swift */,
				C1000092 /* PpPpkEngineTests.swift */,
				C1000093 /* ControlChartEngineTests.swift */,
				C1000094 /* GageRREngineTests.swift */,
				C1000095 /* AQLEngineTests.swift */,
				C1000096 /* ParetoEngineTests.swift */,
				C1000097 /* HistogramEngineTests.swift */,
				C10000AC /* FMEAEngineTests.swift */,
				C10000AD /* IshikawaEngineTests.swift */,
				C10000AE /* AlphaBetaEngineTests.swift */,
				C10000AF /* HypothesisTestEngineTests.swift */,
			);
			path = SPCToolsTests;
			sourceTree = "<group>";
		};
		D1000021 /* Onboarding */ = {
			isa = PBXGroup;
			children = (
				C10000B1 /* OnboardingView.swift */,
			);
			path = Onboarding;
			sourceTree = "<group>";
		};
/* End PBXGroup section */

/* Begin PBXNativeTarget section */
		D1000050 /* SPCTools */ = {
			isa = PBXNativeTarget;
			buildConfigurationList = D1000070 /* Build configuration list for PBXNativeTarget "SPCTools" */;
			buildPhases = (
				D1000060 /* Sources */,
				D1000030 /* Frameworks */,
				D1000061 /* Resources */,
			);
			buildRules = (
			);
			dependencies = (
			);
			name = SPCTools;
			packageProductDependencies = (
				E1000002 /* RevenueCat */,
				E1000003 /* RevenueCatUI */,
			);
			productName = SPCTools;
			productReference = C1000005 /* SPCTools.app */;
			productType = "com.apple.product-type.application";
		};
		D1000051 /* SPCToolsTests */ = {
			isa = PBXNativeTarget;
			buildConfigurationList = D1000071 /* Build configuration list for PBXNativeTarget "SPCToolsTests" */;
			buildPhases = (
				D1000062 /* Sources */,
				D1000031 /* Frameworks */,
				D1000063 /* Resources */,
			);
			buildRules = (
			);
			dependencies = (
				C1000041 /* PBXTargetDependency */,
			);
			name = SPCToolsTests;
			productName = SPCToolsTests;
			productReference = C1000011 /* SPCToolsTests.xctest */;
			productType = "com.apple.product-type.bundle.unit-test";
		};
/* End PBXNativeTarget section */

/* Begin PBXProject section */
		D1000080 /* Project object */ = {
			isa = PBXProject;
			attributes = {
				BuildIndependentTargetsInParallel = 1;
				LastSwiftUpdateCheck = 1600;
				LastUpgradeCheck = 1600;
				TargetAttributes = {
					D1000050 = {
						CreatedOnToolsVersion = 16.0;
					};
					D1000051 = {
						CreatedOnToolsVersion = 16.0;
						TestTargetID = D1000050;
					};
				};
			};
			buildConfigurationList = D1000090 /* Build configuration list for PBXProject "SPCTools" */;
			compatibilityVersion = "Xcode 14.0";
			developmentRegion = en;
			hasScannedForEncodings = 0;
			knownRegions = (
				en,
				tr,
				Base,
			);
			mainGroup = D1000001;
			packageReferences = (
				E1000001 /* XCRemoteSwiftPackageReference "purchases-ios-spm" */,
			);
			productRefGroup = D1000003 /* Products */;
			projectDirPath = "";
			projectRoot = "";
			targets = (
				D1000050 /* SPCTools */,
				D1000051 /* SPCToolsTests */,
			);
		};
/* End PBXProject section */

/* Begin PBXResourcesBuildPhase section */
		D1000061 /* Resources */ = {
			isa = PBXResourcesBuildPhase;
			buildActionMask = 2147483647;
			files = (
				B1000004 /* Preview Assets.xcassets in Resources */,
				B1000003 /* Assets.xcassets in Resources */,
				B1000070 /* Localizable.xcstrings in Resources */,
			);
			runOnlyForDeploymentPostprocessing = 0;
		};
		D1000063 /* Resources */ = {
			isa = PBXResourcesBuildPhase;
			buildActionMask = 2147483647;
			files = (
			);
			runOnlyForDeploymentPostprocessing = 0;
		};
/* End PBXResourcesBuildPhase section */

/* Begin PBXSourcesBuildPhase section */
		D1000060 /* Sources */ = {
			isa = PBXSourcesBuildPhase;
			buildActionMask = 2147483647;
			files = (
				B1000001 /* SPCToolsApp.swift in Sources */,
				B1000002 /* ContentView.swift in Sources */,
				B1000020 /* AppConstants.swift in Sources */,
				B1000021 /* AppTheme.swift in Sources */,
				B1000022 /* SubscriptionManager.swift in Sources */,
				B1000023 /* CalculationCategory.swift in Sources */,
				B1000024 /* CalculationRecord.swift in Sources */,
				B1000025 /* QualityUnit.swift in Sources */,
				B1000026 /* InputFieldView.swift in Sources */,
				B1000027 /* ResultCardView.swift in Sources */,
				B1000028 /* CalculateButton.swift in Sources */,
				B1000029 /* ProBadgeView.swift in Sources */,
				B100002A /* DataInputView.swift in Sources */,
				B100002B /* Double+Formatting.swift in Sources */,
				B100002C /* View+HideKeyboard.swift in Sources */,
				B1000030 /* HomeViewModel.swift in Sources */,
				B1000031 /* HistoryViewModel.swift in Sources */,
				B1000032 /* HomeView.swift in Sources */,
				B1000033 /* CategoryCardView.swift in Sources */,
				B1000034 /* HistoryListView.swift in Sources */,
				B1000035 /* HistoryRowView.swift in Sources */,
				B1000036 /* SettingsView.swift in Sources */,
				B1000037 /* SearchBarView.swift in Sources */,
				B1000060 /* CpCpkEngine.swift in Sources */,
				B1000061 /* OEEEngine.swift in Sources */,
				B1000042 /* SigmaLevelEngine.swift in Sources */,
				B1000043 /* SampleSizeEngine.swift in Sources */,
				B1000044 /* CpCpkViewModel.swift in Sources */,
				B1000045 /* OEEViewModel.swift in Sources */,
				B1000046 /* SigmaLevelViewModel.swift in Sources */,
				B1000047 /* SampleSizeViewModel.swift in Sources */,
				B1000048 /* CpCpkView.swift in Sources */,
				B1000049 /* OEEView.swift in Sources */,
				B100004A /* SigmaLevelView.swift in Sources */,
				B100004B /* SampleSizeView.swift in Sources */,
				B100004C /* FormulaReferenceView.swift in Sources */,
				B1000080 /* PpPpkEngine.swift in Sources */,
				B1000081 /* ControlChartEngine.swift in Sources */,
				B1000082 /* GageRREngine.swift in Sources */,
				B1000083 /* AQLEngine.swift in Sources */,
				B1000084 /* ParetoEngine.swift in Sources */,
				B1000085 /* HistogramEngine.swift in Sources */,
				B1000086 /* PpPpkViewModel.swift in Sources */,
				B1000087 /* ControlChartViewModel.swift in Sources */,
				B1000088 /* GageRRViewModel.swift in Sources */,
				B1000089 /* AQLViewModel.swift in Sources */,
				B100008A /* ParetoViewModel.swift in Sources */,
				B100008B /* HistogramViewModel.swift in Sources */,
				B100008C /* PpPpkView.swift in Sources */,
				B100008D /* ControlChartView.swift in Sources */,
				B100008E /* GageRRView.swift in Sources */,
				B100008F /* AQLTableView.swift in Sources */,
				B1000090 /* ParetoView.swift in Sources */,
				B1000091 /* HistogramView.swift in Sources */,
				B10000A0 /* FMEAEngine.swift in Sources */,
				B10000A1 /* IshikawaEngine.swift in Sources */,
				B10000A2 /* AlphaBetaEngine.swift in Sources */,
				B10000A3 /* HypothesisTestEngine.swift in Sources */,
				B10000A4 /* FMEAViewModel.swift in Sources */,
				B10000A5 /* IshikawaViewModel.swift in Sources */,
				B10000A6 /* AlphaBetaViewModel.swift in Sources */,
				B10000A7 /* HypothesisTestViewModel.swift in Sources */,
				B10000A8 /* FMEAView.swift in Sources */,
				B10000A9 /* IshikawaView.swift in Sources */,
				B10000AA /* AlphaBetaView.swift in Sources */,
				B10000AB /* HypothesisTestView.swift in Sources */,
				B10000B0 /* PaywallWrapperView.swift in Sources */,
				B10000B1 /* OnboardingView.swift in Sources */,
			);
			runOnlyForDeploymentPostprocessing = 0;
		};
		D1000062 /* Sources */ = {
			isa = PBXSourcesBuildPhase;
			buildActionMask = 2147483647;
			files = (
				B1000010 /* SPCToolsTests.swift in Sources */,
				B1000050 /* CpCpkEngineTests.swift in Sources */,
				B1000051 /* OEEEngineTests.swift in Sources */,
				B1000052 /* SigmaLevelEngineTests.swift in Sources */,
				B1000053 /* SampleSizeEngineTests.swift in Sources */,
				B1000092 /* PpPpkEngineTests.swift in Sources */,
				B1000093 /* ControlChartEngineTests.swift in Sources */,
				B1000094 /* GageRREngineTests.swift in Sources */,
				B1000095 /* AQLEngineTests.swift in Sources */,
				B1000096 /* ParetoEngineTests.swift in Sources */,
				B1000097 /* HistogramEngineTests.swift in Sources */,
				B10000AC /* FMEAEngineTests.swift in Sources */,
				B10000AD /* IshikawaEngineTests.swift in Sources */,
				B10000AE /* AlphaBetaEngineTests.swift in Sources */,
				B10000AF /* HypothesisTestEngineTests.swift in Sources */,
			);
			runOnlyForDeploymentPostprocessing = 0;
		};
/* End PBXSourcesBuildPhase section */

/* Begin PBXTargetDependency section */
		C1000041 /* PBXTargetDependency */ = {
			isa = PBXTargetDependency;
			target = D1000050 /* SPCTools */;
			targetProxy = C1000040 /* PBXContainerItemProxy */;
		};
/* End PBXTargetDependency section */

/* Begin XCBuildConfiguration section */
		D10000A0 /* Debug */ = {
			isa = XCBuildConfiguration;
			buildSettings = {
				ALWAYS_SEARCH_USER_PATHS = NO;
				ASSETCATALOG_COMPILER_GENERATE_SWIFT_ASSET_SYMBOL_EXTENSIONS = YES;
				CLANG_ANALYZER_NONNULL = YES;
				CLANG_ANALYZER_NUMBER_OBJECT_CONVERSION = YES_AGGRESSIVE;
				CLANG_CXX_LANGUAGE_STANDARD = "gnu++20";
				CLANG_ENABLE_MODULES = YES;
				CLANG_ENABLE_OBJC_ARC = YES;
				CLANG_ENABLE_OBJC_WEAK = YES;
				CLANG_WARN_BLOCK_CAPTURE_AUTORELEASING = YES;
				CLANG_WARN_BOOL_CONVERSION = YES;
				CLANG_WARN_COMMA = YES;
				CLANG_WARN_CONSTANT_CONVERSION = YES;
				CLANG_WARN_DEPRECATED_OBJC_IMPLEMENTATIONS = YES;
				CLANG_WARN_DIRECT_OBJC_ISA_USAGE = YES_ERROR;
				CLANG_WARN_DOCUMENTATION_COMMENTS = YES;
				CLANG_WARN_EMPTY_BODY = YES;
				CLANG_WARN_ENUM_CONVERSION = YES;
				CLANG_WARN_INFINITE_RECURSION = YES;
				CLANG_WARN_INT_CONVERSION = YES;
				CLANG_WARN_NON_LITERAL_NULL_CONVERSION = YES;
				CLANG_WARN_OBJC_IMPLICIT_RETAIN_SELF = YES;
				CLANG_WARN_OBJC_LITERAL_CONVERSION = YES;
				CLANG_WARN_OBJC_ROOT_CLASS = YES_ERROR;
				CLANG_WARN_QUOTED_INCLUDE_IN_FRAMEWORK_HEADER = YES;
				CLANG_WARN_RANGE_LOOP_ANALYSIS = YES;
				CLANG_WARN_STRICT_PROTOTYPES = YES;
				CLANG_WARN_SUSPICIOUS_MOVE = YES;
				CLANG_WARN_UNGUARDED_AVAILABILITY = YES_AGGRESSIVE;
				CLANG_WARN_UNREACHABLE_CODE = YES;
				CLANG_WARN__DUPLICATE_METHOD_MATCH = YES;
				COPY_PHASE_STRIP = NO;
				DEBUG_INFORMATION_FORMAT = dwarf;
				DEVELOPMENT_TEAM = 5V9A3GUJ32;
				ENABLE_STRICT_OBJC_MSGSEND = YES;
				ENABLE_TESTABILITY = YES;
				ENABLE_USER_SCRIPT_SANDBOXING = YES;
				GCC_C_LANGUAGE_STANDARD = gnu17;
				GCC_DYNAMIC_NO_PIC = NO;
				GCC_NO_COMMON_BLOCKS = YES;
				GCC_OPTIMIZATION_LEVEL = 0;
				GCC_PREPROCESSOR_DEFINITIONS = (
					"DEBUG=1",
					"$(inherited)",
				);
				GCC_WARN_64_TO_32_BIT_CONVERSION = YES;
				GCC_WARN_ABOUT_RETURN_TYPE = YES_ERROR;
				GCC_WARN_UNDECLARED_SELECTOR = YES;
				GCC_WARN_UNINITIALIZED_AUTOS = YES_AGGRESSIVE;
				GCC_WARN_UNUSED_FUNCTION = YES;
				GCC_WARN_UNUSED_VARIABLE = YES;
				IPHONEOS_DEPLOYMENT_TARGET = 17.0;
				LOCALIZATION_PREFERS_STRING_CATALOGS = YES;
				MTL_ENABLE_DEBUG_INFO = INCLUDE_SOURCE;
				MTL_FAST_MATH = YES;
				ONLY_ACTIVE_ARCH = YES;
				SDKROOT = iphoneos;
				SWIFT_ACTIVE_COMPILATION_CONDITIONS = "DEBUG $(inherited)";
				SWIFT_OPTIMIZATION_LEVEL = "-Onone";
			};
			name = Debug;
		};
		D10000A1 /* Release */ = {
			isa = XCBuildConfiguration;
			buildSettings = {
				ALWAYS_SEARCH_USER_PATHS = NO;
				ASSETCATALOG_COMPILER_GENERATE_SWIFT_ASSET_SYMBOL_EXTENSIONS = YES;
				CLANG_ANALYZER_NONNULL = YES;
				CLANG_ANALYZER_NUMBER_OBJECT_CONVERSION = YES_AGGRESSIVE;
				CLANG_CXX_LANGUAGE_STANDARD = "gnu++20";
				CLANG_ENABLE_MODULES = YES;
				CLANG_ENABLE_OBJC_ARC = YES;
				CLANG_ENABLE_OBJC_WEAK = YES;
				CLANG_WARN_BLOCK_CAPTURE_AUTORELEASING = YES;
				CLANG_WARN_BOOL_CONVERSION = YES;
				CLANG_WARN_COMMA = YES;
				CLANG_WARN_CONSTANT_CONVERSION = YES;
				CLANG_WARN_DEPRECATED_OBJC_IMPLEMENTATIONS = YES;
				CLANG_WARN_DIRECT_OBJC_ISA_USAGE = YES_ERROR;
				CLANG_WARN_DOCUMENTATION_COMMENTS = YES;
				CLANG_WARN_EMPTY_BODY = YES;
				CLANG_WARN_ENUM_CONVERSION = YES;
				CLANG_WARN_INFINITE_RECURSION = YES;
				CLANG_WARN_INT_CONVERSION = YES;
				CLANG_WARN_NON_LITERAL_NULL_CONVERSION = YES;
				CLANG_WARN_OBJC_IMPLICIT_RETAIN_SELF = YES;
				CLANG_WARN_OBJC_LITERAL_CONVERSION = YES;
				CLANG_WARN_OBJC_ROOT_CLASS = YES_ERROR;
				CLANG_WARN_QUOTED_INCLUDE_IN_FRAMEWORK_HEADER = YES;
				CLANG_WARN_RANGE_LOOP_ANALYSIS = YES;
				CLANG_WARN_STRICT_PROTOTYPES = YES;
				CLANG_WARN_SUSPICIOUS_MOVE = YES;
				CLANG_WARN_UNGUARDED_AVAILABILITY = YES_AGGRESSIVE;
				CLANG_WARN_UNREACHABLE_CODE = YES;
				CLANG_WARN__DUPLICATE_METHOD_MATCH = YES;
				COPY_PHASE_STRIP = NO;
				DEBUG_INFORMATION_FORMAT = "dwarf-with-dsym";
				DEVELOPMENT_TEAM = 5V9A3GUJ32;
				ENABLE_NS_ASSERTIONS = NO;
				ENABLE_STRICT_OBJC_MSGSEND = YES;
				ENABLE_USER_SCRIPT_SANDBOXING = YES;
				GCC_C_LANGUAGE_STANDARD = gnu17;
				GCC_NO_COMMON_BLOCKS = YES;
				GCC_WARN_64_TO_32_BIT_CONVERSION = YES;
				GCC_WARN_ABOUT_RETURN_TYPE = YES_ERROR;
				GCC_WARN_UNDECLARED_SELECTOR = YES;
				GCC_WARN_UNINITIALIZED_AUTOS = YES_AGGRESSIVE;
				GCC_WARN_UNUSED_FUNCTION = YES;
				GCC_WARN_UNUSED_VARIABLE = YES;
				IPHONEOS_DEPLOYMENT_TARGET = 17.0;
				LOCALIZATION_PREFERS_STRING_CATALOGS = YES;
				MTL_ENABLE_DEBUG_INFO = NO;
				MTL_FAST_MATH = YES;
				SDKROOT = iphoneos;
				SWIFT_COMPILATION_MODE = wholemodule;
				VALIDATE_PRODUCT = YES;
			};
			name = Release;
		};
		D10000B0 /* Debug */ = {
			isa = XCBuildConfiguration;
			buildSettings = {
				ASSETCATALOG_COMPILER_APPICON_NAME = AppIcon;
				ASSETCATALOG_COMPILER_GLOBAL_ACCENT_COLOR_NAME = AccentColor;
				CODE_SIGN_STYLE = Automatic;
				CURRENT_PROJECT_VERSION = 2;
				DEVELOPMENT_ASSET_PATHS = "\"SPCTools/Preview Content\"";
				DEVELOPMENT_TEAM = 5V9A3GUJ32;
				ENABLE_PREVIEWS = YES;
				GENERATE_INFOPLIST_FILE = YES;
				INFOPLIST_KEY_CFBundleDisplayName = "SPC Tools";
				INFOPLIST_KEY_ITSAppUsesNonExemptEncryption = NO;
				INFOPLIST_KEY_LSApplicationCategoryType = "public.app-category.utilities";
				INFOPLIST_KEY_UIApplicationSceneManifest_Generation = YES;
				INFOPLIST_KEY_UIApplicationSupportsIndirectInputEvents = YES;
				INFOPLIST_KEY_UILaunchScreen_Generation = YES;
				INFOPLIST_KEY_UISupportedInterfaceOrientations_iPad = "UIInterfaceOrientationPortrait UIInterfaceOrientationPortraitUpsideDown UIInterfaceOrientationLandscapeLeft UIInterfaceOrientationLandscapeRight";
				INFOPLIST_KEY_UISupportedInterfaceOrientations_iPhone = "UIInterfaceOrientationPortrait UIInterfaceOrientationLandscapeLeft UIInterfaceOrientationLandscapeRight";
				LD_RUNPATH_SEARCH_PATHS = (
					"$(inherited)",
					"@executable_path/Frameworks",
				);
				MARKETING_VERSION = 1.1.1;
				PRODUCT_BUNDLE_IDENTIFIER = com.osmanseven.spctools;
				PRODUCT_NAME = "$(TARGET_NAME)";
				SWIFT_EMIT_LOC_STRINGS = YES;
				SWIFT_VERSION = 5.0;
				TARGETED_DEVICE_FAMILY = "1,2";
			};
			name = Debug;
		};
		D10000B1 /* Release */ = {
			isa = XCBuildConfiguration;
			buildSettings = {
				ASSETCATALOG_COMPILER_APPICON_NAME = AppIcon;
				ASSETCATALOG_COMPILER_GLOBAL_ACCENT_COLOR_NAME = AccentColor;
				CODE_SIGN_STYLE = Automatic;
				CURRENT_PROJECT_VERSION = 2;
				DEVELOPMENT_ASSET_PATHS = "\"SPCTools/Preview Content\"";
				DEVELOPMENT_TEAM = 5V9A3GUJ32;
				ENABLE_PREVIEWS = YES;
				GENERATE_INFOPLIST_FILE = YES;
				INFOPLIST_KEY_CFBundleDisplayName = "SPC Tools";
				INFOPLIST_KEY_ITSAppUsesNonExemptEncryption = NO;
				INFOPLIST_KEY_LSApplicationCategoryType = "public.app-category.utilities";
				INFOPLIST_KEY_UIApplicationSceneManifest_Generation = YES;
				INFOPLIST_KEY_UIApplicationSupportsIndirectInputEvents = YES;
				INFOPLIST_KEY_UILaunchScreen_Generation = YES;
				INFOPLIST_KEY_UISupportedInterfaceOrientations_iPad = "UIInterfaceOrientationPortrait UIInterfaceOrientationPortraitUpsideDown UIInterfaceOrientationLandscapeLeft UIInterfaceOrientationLandscapeRight";
				INFOPLIST_KEY_UISupportedInterfaceOrientations_iPhone = "UIInterfaceOrientationPortrait UIInterfaceOrientationLandscapeLeft UIInterfaceOrientationLandscapeRight";
				LD_RUNPATH_SEARCH_PATHS = (
					"$(inherited)",
					"@executable_path/Frameworks",
				);
				MARKETING_VERSION = 1.1.1;
				PRODUCT_BUNDLE_IDENTIFIER = com.osmanseven.spctools;
				PRODUCT_NAME = "$(TARGET_NAME)";
				SWIFT_EMIT_LOC_STRINGS = YES;
				SWIFT_VERSION = 5.0;
				TARGETED_DEVICE_FAMILY = "1,2";
			};
			name = Release;
		};
		D10000C0 /* Debug */ = {
			isa = XCBuildConfiguration;
			buildSettings = {
				BUNDLE_LOADER = "$(TEST_HOST)";
				CODE_SIGN_STYLE = Automatic;
				CURRENT_PROJECT_VERSION = 2;
				DEVELOPMENT_TEAM = 5V9A3GUJ32;
				GENERATE_INFOPLIST_FILE = YES;
				IPHONEOS_DEPLOYMENT_TARGET = 17.0;
				MARKETING_VERSION = 1.1.1;
				PRODUCT_BUNDLE_IDENTIFIER = com.osmanseven.spctools.tests;
				PRODUCT_NAME = "$(TARGET_NAME)";
				SWIFT_EMIT_LOC_STRINGS = NO;
				SWIFT_VERSION = 5.0;
				TARGETED_DEVICE_FAMILY = "1,2";
				TEST_HOST = "$(BUILT_PRODUCTS_DIR)/SPCTools.app/$(BUNDLE_EXECUTABLE_FOLDER_PATH)/SPCTools";
			};
			name = Debug;
		};
		D10000C1 /* Release */ = {
			isa = XCBuildConfiguration;
			buildSettings = {
				BUNDLE_LOADER = "$(TEST_HOST)";
				CODE_SIGN_STYLE = Automatic;
				CURRENT_PROJECT_VERSION = 2;
				DEVELOPMENT_TEAM = 5V9A3GUJ32;
				GENERATE_INFOPLIST_FILE = YES;
				IPHONEOS_DEPLOYMENT_TARGET = 17.0;
				MARKETING_VERSION = 1.1.1;
				PRODUCT_BUNDLE_IDENTIFIER = com.osmanseven.spctools.tests;
				PRODUCT_NAME = "$(TARGET_NAME)";
				SWIFT_EMIT_LOC_STRINGS = NO;
				SWIFT_VERSION = 5.0;
				TARGETED_DEVICE_FAMILY = "1,2";
				TEST_HOST = "$(BUILT_PRODUCTS_DIR)/SPCTools.app/$(BUNDLE_EXECUTABLE_FOLDER_PATH)/SPCTools";
			};
			name = Release;
		};
/* End XCBuildConfiguration section */

/* Begin XCConfigurationList section */
		D1000070 /* Build configuration list for PBXNativeTarget "SPCTools" */ = {
			isa = XCConfigurationList;
			buildConfigurations = (
				D10000B0 /* Debug */,
				D10000B1 /* Release */,
			);
			defaultConfigurationIsVisible = 0;
			defaultConfigurationName = Release;
		};
		D1000071 /* Build configuration list for PBXNativeTarget "SPCToolsTests" */ = {
			isa = XCConfigurationList;
			buildConfigurations = (
				D10000C0 /* Debug */,
				D10000C1 /* Release */,
			);
			defaultConfigurationIsVisible = 0;
			defaultConfigurationName = Release;
		};
		D1000090 /* Build configuration list for PBXProject "SPCTools" */ = {
			isa = XCConfigurationList;
			buildConfigurations = (
				D10000A0 /* Debug */,
				D10000A1 /* Release */,
			);
			defaultConfigurationIsVisible = 0;
			defaultConfigurationName = Release;
		};
/* End XCConfigurationList section */

/* Begin XCRemoteSwiftPackageReference section */
		E1000001 /* XCRemoteSwiftPackageReference "purchases-ios-spm" */ = {
			isa = XCRemoteSwiftPackageReference;
			repositoryURL = "https://github.com/RevenueCat/purchases-ios-spm.git";
			requirement = {
				kind = upToNextMajorVersion;
				minimumVersion = 5.0.0;
			};
		};
/* End XCRemoteSwiftPackageReference section */

/* Begin XCSwiftPackageProductDependency section */
		E1000002 /* RevenueCat */ = {
			isa = XCSwiftPackageProductDependency;
			package = E1000001 /* XCRemoteSwiftPackageReference "purchases-ios-spm" */;
			productName = RevenueCat;
		};
		E1000003 /* RevenueCatUI */ = {
			isa = XCSwiftPackageProductDependency;
			package = E1000001 /* XCRemoteSwiftPackageReference "purchases-ios-spm" */;
			productName = RevenueCatUI;
		};
/* End XCSwiftPackageProductDependency section */
	};
	rootObject = D1000080 /* Project object */;
}
